
Microsoft Visual Studio Solution File, Format Version 12.00
# Visual Studio Version 17
VisualStudioVersion = 17.14.36623.8
MinimumVisualStudioVersion = 10.0.40219.1
Project("{E24C65DC-7377-472B-9ABA-BC803B73C61A}") = "danielKP12", "danielKP12\", "{E0FEB2F4-48AF-83B9-B50B-EB6AF8C4FC3E}"
	ProjectSection(WebsiteProperties) = preProject
		TargetFrameworkMoniker = ".NETFramework,Version%3Dv4.7.2"
		Debug.AspNetCompiler.VirtualPath = "/localhost_56712"
		Debug.AspNetCompiler.PhysicalPath = "danielKP12\"
		Debug.AspNetCompiler.TargetPath = "PrecompiledWeb\localhost_56712\"
		Debug.AspNetCompiler.Updateable = "true"
		Debug.AspNetCompiler.ForceOverwrite = "true"
		Debug.AspNetCompiler.FixedNames = "false"
		Debug.AspNetCompiler.Debug = "True"
		Release.AspNetCompiler.VirtualPath = "/localhost_56712"
		Release.AspNetCompiler.PhysicalPath = "danielKP12\"
		Release.AspNetCompiler.TargetPath = "PrecompiledWeb\localhost_56712\"
		Release.AspNetCompiler.Updateable = "true"
		Release.AspNetCompiler.ForceOverwrite = "true"
		Release.AspNetCompiler.FixedNames = "false"
		Release.AspNetCompiler.Debug = "False"
		VWDPort = "56712"
		SlnRelativePath = "danielKP12\"
		DefaultWebSiteLanguage = "Visual C#"
	EndProjectSection
EndProject
Global
	GlobalSection(SolutionConfigurationPlatforms) = preSolution
		Debug|Any CPU = Debug|Any CPU
	EndGlobalSection
	GlobalSection(ProjectConfigurationPlatforms) = postSolution
		{E0FEB2F4-48AF-83B9-B50B-EB6AF8C4FC3E}.Debug|Any CPU.ActiveCfg = Debug|Any CPU
		{E0FEB2F4-48AF-83B9-B50B-EB6AF8C4FC3E}.Debug|Any CPU.Build.0 = Debug|Any CPU
	EndGlobalSection
	GlobalSection(SolutionProperties) = preSolution
		HideSolutionNode = FALSE
	EndGlobalSection
	GlobalSection(ExtensibilityGlobals) = postSolution
		SolutionGuid = {68C16351-B993-485F-BF8D-A2442FCD9478}
	EndGlobalSection
EndGlobal
